github.com/kurtpeek/my-private-repo v0.0.0-20200508053026-e6ae71ae2bd8 h1:Roy0/Fw7H9eJSZxIsRU11HIIMexSlAgv38K+r5bRTD4=
github.com/kurtpeek/my-private-repo v0.0.0-20200508055124-8eb94cb388b2 h1:tY8ecsDZomFNDonoUoqFK1JMqNRyhjtPRfhfdGggUqw=
github.com/kurtpeek/my-private-repo v0.0.0-20200508055124-8eb94cb388b2/go.mod h1:gpd98nkNftjbMn7OJU5EkbiliV3s3Oq8ccNdxik57fY=
